// !$*UTF8*$!
{
	archiveVersion = 1;
	classes = {
	};
	objectVersion = 56;
	objects = {

/* Begin PBXBuildFile section */
		4823FD1C2A66680400F54F67 /* AppDelegate.swift in Sources */ = {isa = PBXBuildFile; fileRef = 4823FD1B2A66680400F54F67 /* AppDelegate.swift */; };
		4823FD1E2A66680400F54F67 /* SceneDelegate.swift in Sources */ = {isa = PBXBuildFile; fileRef = 4823FD1D2A66680400F54F67 /* SceneDelegate.swift */; };
		4823FD202A66680400F54F67 /* ViewController.swift in Sources */ = {isa = PBXBuildFile; fileRef = 4823FD1F2A66680400F54F67 /* ViewController.swift */; };
		4823FD232A66680400F54F67 /* Main.storyboard in Resources */ = {isa = PBXBuildFile; fileRef = 4823FD212A66680400F54F67 /* Main.storyboard */; };
		4823FD252A66680A00F54F67 /* Assets.xcassets in Resources */ = {isa = PBXBuildFile; fileRef = 4823FD242A66680A00F54F67 /* Assets.xcassets */; };
		4823FD282A66680A00F54F67 /* LaunchScreen.storyboard in Resources */ = {isa = PBXBuildFile; fileRef = 4823FD262A66680A00F54F67 /* LaunchScreen.storyboard */; };
		4823FD332A66680A00F54F67 /* CookingRecipesTests.swift in Sources */ = {isa = PBXBuildFile; fileRef = 4823FD322A66680A00F54F67 /* CookingRecipesTests.swift */; };
		4823FD3D2A66680A00F54F67 /* CookingRecipesUITests.swift in Sources */ = {isa = PBXBuildFile; fileRef = 4823FD3C2A66680A00F54F67 /* CookingRecipesUITests.swift */; };
		4823FD3F2A66680A00F54F67 /* CookingRecipesUITestsLaunchTests.swift in Sources */ = {isa = PBXBuildFile; fileRef = 4823FD3E2A66680A00F54F67 /* CookingRecipesUITestsLaunchTests.swift */; };
		4823FD4D2A6668F000F54F67 /* NetworkConnectData.swift in Sources */ = {isa = PBXBuildFile; fileRef = 4823FD4C2A6668F000F54F67 /* NetworkConnectData.swift */; };
		4823FD4F2A666CAC00F54F67 /* CookingRecipesStructs.swift in Sources */ = {isa = PBXBuildFile; fileRef = 4823FD4E2A666CAC00F54F67 /* CookingRecipesStructs.swift */; };
		4823FD532A67196E00F54F67 /* SearchBarComponent.swift in Sources */ = {isa = PBXBuildFile; fileRef = 4823FD522A67196E00F54F67 /* SearchBarComponent.swift */; };
		4823FD552A67495100F54F67 /* TableViewComponent.swift in Sources */ = {isa = PBXBuildFile; fileRef = 4823FD542A67495100F54F67 /* TableViewComponent.swift */; };
		4823FD592A68762000F54F67 /* RecipDescriptionViewController.swift in Sources */ = {isa = PBXBuildFile; fileRef = 4823FD582A68762000F54F67 /* RecipDescriptionViewController.swift */; };
/* End PBXBuildFile section */

/* Begin PBXContainerItemProxy section */
		4823FD2F2A66680A00F54F67 /* PBXContainerItemProxy */ = {
			isa = PBXContainerItemProxy;
			containerPortal = 4823FD102A66680400F54F67 /* Project object */;
			proxyType = 1;
			remoteGlobalIDString = 4823FD172A66680400F54F67;
			remoteInfo = CookingRecipes;
		};
		4823FD392A66680A00F54F67 /* PBXContainerItemProxy */ = {
			isa = PBXContainerItemProxy;
			containerPortal = 4823FD102A66680400F54F67 /* Project object */;
			proxyType = 1;
			remoteGlobalIDString = 4823FD172A66680400F54F67;
			remoteInfo = CookingRecipes;
		};
/* End PBXContainerItemProxy section */

/* Begin PBXFileReference section */
		4823FD182A66680400F54F67 /* CookingRecipes.app */ = {isa = PBXFileReference; explicitFileType = wrapper.application; includeInIndex = 0; path = CookingRecipes.app; sourceTree = BUILT_PRODUCTS_DIR; };
		4823FD1B2A66680400F54F67 /* AppDelegate.swift */ = {isa = PBXFileReference; lastKnownFileType = sourcecode.swift; path = AppDelegate.swift; sourceTree = "<group>"; };
		4823FD1D2A66680400F54F67 /* SceneDelegate.swift */ = {isa = PBXFileReference; lastKnownFileType = sourcecode.swift; path = SceneDelegate.swift; sourceTree = "<group>"; };
		4823FD1F2A66680400F54F67 /* ViewController.swift */ = {isa = PBXFileReference; lastKnownFileType = sourcecode.swift; path = ViewController.swift; sourceTree = "<group>"; };
		4823FD222A66680400F54F67 /* Base */ = {isa = PBXFileReference; lastKnownFileType = file.storyboard; name = Base; path = Base.lproj/Main.storyboard; sourceTree = "<group>"; };
		4823FD242A66680A00F54F67 /* Assets.xcassets */ = {isa = PBXFileReference; lastKnownFileType = folder.assetcatalog; path = Assets.xcassets; sourceTree = "<group>"; };
		4823FD272A66680A00F54F67 /* Base */ = {isa = PBXFileReference; lastKnownFileType = file.storyboard; name = Base; path = Base.lproj/LaunchScreen.storyboard; sourceTree = "<group>"; };
		4823FD292A66680A00F54F67 /* Info.plist */ = {isa = PBXFileReference; lastKnownFileType = text.plist.xml; path = Info.plist; sourceTree = "<group>"; };
		4823FD2E2A66680A00F54F67 /* CookingRecipesTests.xctest */ = {isa = PBXFileReference; explicitFileType = wrapper.cfbundle; includeInIndex = 0; path = CookingRecipesTests.xctest; sourceTree = BUILT_PRODUCTS_DIR; };
		4823FD322A66680A00F54F67 /* CookingRecipesTests.swift */ = {isa = PBXFileReference; lastKnownFileType = sourcecode.swift; path = CookingRecipesTests.swift; sourceTree = "<group>"; };
		4823FD382A66680A00F54F67 /* CookingRecipesUITests.xctest */ = {isa = PBXFileReference; explicitFileType = wrapper.cfbundle; includeInIndex = 0; path = CookingRecipesUITests.xctest; sourceTree = BUILT_PRODUCTS_DIR; };
		4823FD3C2A66680A00F54F67 /* CookingRecipesUITests.swift */ = {isa = PBXFileReference; lastKnownFileType = sourcecode.swift; path = CookingRecipesUITests.swift; sourceTree = "<group>"; };
		4823FD3E2A66680A00F54F67 /* CookingRecipesUITestsLaunchTests.swift */ = {isa = PBXFileReference; lastKnownFileType = sourcecode.swift; path = CookingRecipesUITestsLaunchTests.swift; sourceTree = "<group>"; };
		4823FD4C2A6668F000F54F67 /* NetworkConnectData.swift */ = {isa = PBXFileReference; lastKnownFileType = sourcecode.swift; path = NetworkConnectData.swift; sourceTree = "<group>"; };
		4823FD4E2A666CAC00F54F67 /* CookingRecipesStructs.swift */ = {isa = PBXFileReference; lastKnownFileType = sourcecode.swift; path = CookingRecipesStructs.swift; sourceTree = "<group>"; };
		4823FD522A67196E00F54F67 /* SearchBarComponent.swift */ = {isa = PBXFileReference; lastKnownFileType = sourcecode.swift; path = SearchBarComponent.swift; sourceTree = "<group>"; };
		4823FD542A67495100F54F67 /* TableViewComponent.swift */ = {isa = PBXFileReference; lastKnownFileType = sourcecode.swift; path = TableViewComponent.swift; sourceTree = "<group>"; };
		4823FD582A68762000F54F67 /* RecipDescriptionViewController.swift */ = {isa = PBXFileReference; lastKnownFileType = sourcecode.swift; path = RecipDescriptionViewController.swift; sourceTree = "<group>"; };
/* End PBXFileReference section */

/* Begin PBXFrameworksBuildPhase section */
		4823FD152A66680400F54F67 /* Frameworks */ = {
			isa = PBXFrameworksBuildPhase;
			buildActionMask = 2147483647;
			files = (
			);
			runOnlyForDeploymentPostprocessing = 0;
		};
		4823FD2B2A66680A00F54F67 /* Frameworks */ = {
			isa = PBXFrameworksBuildPhase;
			buildActionMask = 2147483647;
			files = (
			);
			runOnlyForDeploymentPostprocessing = 0;
		};
		4823FD352A66680A00F54F67 /* Frameworks */ = {
			isa = PBXFrameworksBuildPhase;
			buildActionMask = 2147483647;
			files = (
			);
			runOnlyForDeploymentPostprocessing = 0;
		};
/* End PBXFrameworksBuildPhase section */

/* Begin PBXGroup section */
		4823FD0F2A66680400F54F67 = {
			isa = PBXGroup;
			children = (
				4823FD1A2A66680400F54F67 /* CookingRecipes */,
				4823FD312A66680A00F54F67 /* CookingRecipesTests */,
				4823FD3B2A66680A00F54F67 /* CookingRecipesUITests */,
				4823FD192A66680400F54F67 /* Products */,
			);
			sourceTree = "<group>";
		};
		4823FD192A66680400F54F67 /* Products */ = {
			isa = PBXGroup;
			children = (
				4823FD182A66680400F54F67 /* CookingRecipes.app */,
				4823FD2E2A66680A00F54F67 /* CookingRecipesTests.xctest */,
				4823FD382A66680A00F54F67 /* CookingRecipesUITests.xctest */,
			);
			name = Products;
			sourceTree = "<group>";
		};
		4823FD1A2A66680400F54F67 /* CookingRecipes */ = {
			isa = PBXGroup;
			children = (
				4823FD572A6875EF00F54F67 /* ViewController */,
				4823FD502A67193C00F54F67 /* Components */,
				4823FD4B2A66685A00F54F67 /* NetworkData */,
				4823FD1B2A66680400F54F67 /* AppDelegate.swift */,
				4823FD1D2A66680400F54F67 /* SceneDelegate.swift */,
				4823FD1F2A66680400F54F67 /* ViewController.swift */,
				4823FD212A66680400F54F67 /* Main.storyboard */,
				4823FD242A66680A00F54F67 /* Assets.xcassets */,
				4823FD262A66680A00F54F67 /* LaunchScreen.storyboard */,
				4823FD292A66680A00F54F67 /* Info.plist */,
			);
			path = CookingRecipes;
			sourceTree = "<group>";
		};
		4823FD312A66680A00F54F67 /* CookingRecipesTests */ = {
			isa = PBXGroup;
			children = (
				4823FD322A66680A00F54F67 /* CookingRecipesTests.swift */,
			);
			path = CookingRecipesTests;
			sourceTree = "<group>";
		};
		4823FD3B2A66680A00F54F67 /* CookingRecipesUITests */ = {
			isa = PBXGroup;
			children = (
				4823FD3C2A66680A00F54F67 /* CookingRecipesUITests.swift */,
				4823FD3E2A66680A00F54F67 /* CookingRecipesUITestsLaunchTests.swift */,
			);
			path = CookingRecipesUITests;
			sourceTree = "<group>";
		};
		4823FD4B2A66685A00F54F67 /* NetworkData */ = {
			isa = PBXGroup;
			children = (
				4823FD4C2A6668F000F54F67 /* NetworkConnectData.swift */,
				4823FD4E2A666CAC00F54F67 /* CookingRecipesStructs.swift */,
			);
			path = NetworkData;
			sourceTree = "<group>";
		};
		4823FD502A67193C00F54F67 /* Components */ = {
			isa = PBXGroup;
			children = (
				4823FD562A67495B00F54F67 /* TableView */,
				4823FD512A67194D00F54F67 /* SearchBar */,
			);
			path = Components;
			sourceTree = "<group>";
		};
		4823FD512A67194D00F54F67 /* SearchBar */ = {
			isa = PBXGroup;
			children = (
				4823FD522A67196E00F54F67 /* SearchBarComponent.swift */,
			);
			path = SearchBar;
			sourceTree = "<group>";
		};
		4823FD562A67495B00F54F67 /* TableView */ = {
			isa = PBXGroup;
			children = (
				4823FD542A67495100F54F67 /* TableViewComponent.swift */,
			);
			path = TableView;
			sourceTree = "<group>";
		};
		4823FD572A6875EF00F54F67 /* ViewController */ = {
			isa = PBXGroup;
			children = (
				4823FD582A68762000F54F67 /* RecipDescriptionViewController.swift */,
			);
			path = ViewController;
			sourceTree = "<group>";
		};
/* End PBXGroup section */

/* Begin PBXNativeTarget section */
		4823FD172A66680400F54F67 /* CookingRecipes */ = {
			isa = PBXNativeTarget;
			buildConfigurationList = 4823FD422A66680A00F54F67 /* Build configuration list for PBXNativeTarget "CookingRecipes" */;
			buildPhases = (
				4823FD142A66680400F54F67 /* Sources */,
				4823FD152A66680400F54F67 /* Frameworks */,
				4823FD162A66680400F54F67 /* Resources */,
			);
			buildRules = (
			);
			dependencies = (
			);
			name = CookingRecipes;
			productName = CookingRecipes;
			productReference = 4823FD182A66680400F54F67 /* CookingRecipes.app */;
			productType = "com.apple.product-type.application";
		};
		4823FD2D2A66680A00F54F67 /* CookingRecipesTests */ = {
			isa = PBXNativeTarget;
			buildConfigurationList = 4823FD452A66680A00F54F67 /* Build configuration list for PBXNativeTarget "CookingRecipesTests" */;
			buildPhases = (
				4823FD2A2A66680A00F54F67 /* Sources */,
				4823FD2B2A66680A00F54F67 /* Frameworks */,
				4823FD2C2A66680A00F54F67 /* Resources */,
			);
			buildRules = (
			);
			dependencies = (
				4823FD302A66680A00F54F67 /* PBXTargetDependency */,
			);
			name = CookingRecipesTests;
			productName = CookingRecipesTests;
			productReference = 4823FD2E2A66680A00F54F67 /* CookingRecipesTests.xctest */;
			productType = "com.apple.product-type.bundle.unit-test";
		};
		4823FD372A66680A00F54F67 /* CookingRecipesUITests */ = {
			isa = PBXNativeTarget;
			buildConfigurationList = 4823FD482A66680A00F54F67 /* Build configuration list for PBXNativeTarget "CookingRecipesUITests" */;
			buildPhases = (
				4823FD342A66680A00F54F67 /* Sources */,
				4823FD352A66680A00F54F67 /* Frameworks */,
				4823FD362A66680A00F54F67 /* Resources */,
			);
			buildRules = (
			);
			dependencies = (
				4823FD3A2A66680A00F54F67 /* PBXTargetDependency */,
			);
			name = CookingRecipesUITests;
			productName = CookingRecipesUITests;
			productReference = 4823FD382A66680A00F54F67 /* CookingRecipesUITests.xctest */;
			productType = "com.apple.product-type.bundle.ui-testing";
		};
/* End PBXNativeTarget section */

/* Begin PBXProject section */
		4823FD102A66680400F54F67 /* Project object */ = {
			isa = PBXProject;
			attributes = {
				BuildIndependentTargetsInParallel = 1;
				LastSwiftUpdateCheck = 1430;
				LastUpgradeCheck = 1430;
				TargetAttributes = {
					4823FD172A66680400F54F67 = {
						CreatedOnToolsVersion = 14.3;
					};
					4823FD2D2A66680A00F54F67 = {
						CreatedOnToolsVersion = 14.3;
						TestTargetID = 4823FD172A66680400F54F67;
					};
					4823FD372A66680A00F54F67 = {
						CreatedOnToolsVersion = 14.3;
						TestTargetID = 4823FD172A66680400F54F67;
					};
				};
			};
			buildConfigurationList = 4823FD132A66680400F54F67 /* Build configuration list for PBXProject "CookingRecipes" */;
			compatibilityVersion = "Xcode 14.0";
			developmentRegion = en;
			hasScannedForEncodings = 0;
			knownRegions = (
				en,
				Base,
			);
			mainGroup = 4823FD0F2A66680400F54F67;
			productRefGroup = 4823FD192A66680400F54F67 /* Products */;
			projectDirPath = "";
			projectRoot = "";
			targets = (
				4823FD172A66680400F54F67 /* CookingRecipes */,
				4823FD2D2A66680A00F54F67 /* CookingRecipesTests */,
				4823FD372A66680A00F54F67 /* CookingRecipesUITests */,
			);
		};
/* End PBXProject section */

/* Begin PBXResourcesBuildPhase section */
		4823FD162A66680400F54F67 /* Resources */ = {
			isa = PBXResourcesBuildPhase;
			buildActionMask = 2147483647;
			files = (
				4823FD282A66680A00F54F67 /* LaunchScreen.storyboard in Resources */,
				4823FD252A66680A00F54F67 /* Assets.xcassets in Resources */,
				4823FD232A66680400F54F67 /* Main.storyboard in Resources */,
			);
			runOnlyForDeploymentPostprocessing = 0;
		};
		4823FD2C2A66680A00F54F67 /* Resources */ = {
			isa = PBXResourcesBuildPhase;
			buildActionMask = 2147483647;
			files = (
			);
			runOnlyForDeploymentPostprocessing = 0;
		};
		4823FD362A66680A00F54F67 /* Resources */ = {
			isa = PBXResourcesBuildPhase;
			buildActionMask = 2147483647;
			files = (
			);
			runOnlyForDeploymentPostprocessing = 0;
		};
/* End PBXResourcesBuildPhase section */

/* Begin PBXSourcesBuildPhase section */
		4823FD142A66680400F54F67 /* Sources */ = {
			isa = PBXSourcesBuildPhase;
			buildActionMask = 2147483647;
			files = (
				4823FD202A66680400F54F67 /* ViewController.swift in Sources */,
				4823FD4D2A6668F000F54F67 /* NetworkConnectData.swift in Sources */,
				4823FD1C2A66680400F54F67 /* AppDelegate.swift in Sources */,
				4823FD552A67495100F54F67 /* TableViewComponent.swift in Sources */,
				4823FD532A67196E00F54F67 /* SearchBarComponent.swift in Sources */,
				4823FD592A68762000F54F67 /* RecipDescriptionViewController.swift in Sources */,
				4823FD1E2A66680400F54F67 /* SceneDelegate.swift in Sources */,
				4823FD4F2A666CAC00F54F67 /* CookingRecipesStructs.swift in Sources */,
			);
			runOnlyForDeploymentPostprocessing = 0;
		};
		4823FD2A2A66680A00F54F67 /* Sources */ = {
			isa = PBXSourcesBuildPhase;
			buildActionMask = 2147483647;
			files = (
				4823FD332A66680A00F54F67 /* CookingRecipesTests.swift in Sources */,
			);
			runOnlyForDeploymentPostprocessing = 0;
		};
		4823FD342A66680A00F54F67 /* Sources */ = {
			isa = PBXSourcesBuildPhase;
			buildActionMask = 2147483647;
			files = (
				4823FD3D2A66680A00F54F67 /* CookingRecipesUITests.swift in Sources */,
				4823FD3F2A66680A00F54F67 /* CookingRecipesUITestsLaunchTests.swift in Sources */,
			);
			runOnlyForDeploymentPostprocessing = 0;
		};
/* End PBXSourcesBuildPhase section */

/* Begin PBXTargetDependency section */
		4823FD302A66680A00F54F67 /* PBXTargetDependency */ = {
			isa = PBXTargetDependency;
			target = 4823FD172A66680400F54F67 /* CookingRecipes */;
			targetProxy = 4823FD2F2A66680A00F54F67 /* PBXContainerItemProxy */;
		};
		4823FD3A2A66680A00F54F67 /* PBXTargetDependency */ = {
			isa = PBXTargetDependency;
			target = 4823FD172A66680400F54F67 /* CookingRecipes */;
			targetProxy = 4823FD392A66680A00F54F67 /* PBXContainerItemProxy */;
		};
/* End PBXTargetDependency section */

/* Begin PBXVariantGroup section */
		4823FD212A66680400F54F67 /* Main.storyboard */ = {
			isa = PBXVariantGroup;
			children = (
				4823FD222A66680400F54F67 /* Base */,
			);
			name = Main.storyboard;
			sourceTree = "<group>";
		};
		4823FD262A66680A00F54F67 /* LaunchScreen.storyboard */ = {
			isa = PBXVariantGroup;
			children = (
				4823FD272A66680A00F54F67 /* Base */,
			);
			name = LaunchScreen.storyboard;
			sourceTree = "<group>";
		};
/* End PBXVariantGroup section */

/* Begin XCBuildConfiguration section */
		4823FD402A66680A00F54F67 /* Debug */ = {
			isa = XCBuildConfiguration;
			buildSettings = {
				ALWAYS_SEARCH_USER_PATHS = NO;
				CLANG_ANALYZER_NONNULL = YES;
				CLANG_ANALYZER_NUMBER_OBJECT_CONVERSION = YES_AGGRESSIVE;
				CLANG_CXX_LANGUAGE_STANDARD = "gnu++20";
				CLANG_ENABLE_MODULES = YES;
				CLANG_ENABLE_OBJC_ARC = YES;
				CLANG_ENABLE_OBJC_WEAK = YES;
				CLANG_WARN_BLOCK_CAPTURE_AUTORELEASING = YES;
				CLANG_WARN_BOOL_CONVERSION = YES;
				CLANG_WARN_COMMA = YES;
				CLANG_WARN_CONSTANT_CONVERSION = YES;
				CLANG_WARN_DEPRECATED_OBJC_IMPLEMENTATIONS = YES;
				CLANG_WARN_DIRECT_OBJC_ISA_USAGE = YES_ERROR;
				CLANG_WARN_DOCUMENTATION_COMMENTS = YES;
				CLANG_WARN_EMPTY_BODY = YES;
				CLANG_WARN_ENUM_CONVERSION = YES;
				CLANG_WARN_INFINITE_RECURSION = YES;
				CLANG_WARN_INT_CONVERSION = YES;
				CLANG_WARN_NON_LITERAL_NULL_CONVERSION = YES;
				CLANG_WARN_OBJC_IMPLICIT_RETAIN_SELF = YES;
				CLANG_WARN_OBJC_LITERAL_CONVERSION = YES;
				CLANG_WARN_OBJC_ROOT_CLASS = YES_ERROR;
				CLANG_WARN_QUOTED_INCLUDE_IN_FRAMEWORK_HEADER = YES;
				CLANG_WARN_RANGE_LOOP_ANALYSIS = YES;
				CLANG_WARN_STRICT_PROTOTYPES = YES;
				CLANG_WARN_SUSPICIOUS_MOVE = YES;
				CLANG_WARN_UNGUARDED_AVAILABILITY = YES_AGGRESSIVE;
				CLANG_WARN_UNREACHABLE_CODE = YES;
				CLANG_WARN__DUPLICATE_METHOD_MATCH = YES;
				COPY_PHASE_STRIP = NO;
				DEBUG_INFORMATION_FORMAT = dwarf;
				ENABLE_STRICT_OBJC_MSGSEND = YES;
				ENABLE_TESTABILITY = YES;
				GCC_C_LANGUAGE_STANDARD = gnu11;
				GCC_DYNAMIC_NO_PIC = NO;
				GCC_NO_COMMON_BLOCKS = YES;
				GCC_OPTIMIZATION_LEVEL = 0;
				GCC_PREPROCESSOR_DEFINITIONS = (
					"DEBUG=1",
					"$(inherited)",
				);
				GCC_WARN_64_TO_32_BIT_CONVERSION = YES;
				GCC_WARN_ABOUT_RETURN_TYPE = YES_ERROR;
				GCC_WARN_UNDECLARED_SELECTOR = YES;
				GCC_WARN_UNINITIALIZED_AUTOS = YES_AGGRESSIVE;
				GCC_WARN_UNUSED_FUNCTION = YES;
				GCC_WARN_UNUSED_VARIABLE = YES;
				IPHONEOS_DEPLOYMENT_TARGET = 16.4;
				MTL_ENABLE_DEBUG_INFO = INCLUDE_SOURCE;
				MTL_FAST_MATH = YES;
				ONLY_ACTIVE_ARCH = YES;
				SDKROOT = iphoneos;
				SWIFT_ACTIVE_COMPILATION_CONDITIONS = DEBUG;
				SWIFT_OPTIMIZATION_LEVEL = "-Onone";
			};
			name = Debug;
		};
		4823FD412A66680A00F54F67 /* Release */ = {
			isa = XCBuildConfiguration;
			buildSettings = {
				ALWAYS_SEARCH_USER_PATHS = NO;
				CLANG_ANALYZER_NONNULL = YES;
				CLANG_ANALYZER_NUMBER_OBJECT_CONVERSION = YES_AGGRESSIVE;
				CLANG_CXX_LANGUAGE_STANDARD = "gnu++20";
				CLANG_ENABLE_MODULES = YES;
				CLANG_ENABLE_OBJC_ARC = YES;
				CLANG_ENABLE_OBJC_WEAK = YES;
				CLANG_WARN_BLOCK_CAPTURE_AUTORELEASING = YES;
				CLANG_WARN_BOOL_CONVERSION = YES;
				CLANG_WARN_COMMA = YES;
				CLANG_WARN_CONSTANT_CONVERSION = YES;
				CLANG_WARN_DEPRECATED_OBJC_IMPLEMENTATIONS = YES;
				CLANG_WARN_DIRECT_OBJC_ISA_USAGE = YES_ERROR;
				CLANG_WARN_DOCUMENTATION_COMMENTS = YES;
				CLANG_WARN_EMPTY_BODY = YES;
				CLANG_WARN_ENUM_CONVERSION = YES;
				CLANG_WARN_INFINITE_RECURSION = YES;
				CLANG_WARN_INT_CONVERSION = YES;
				CLANG_WARN_NON_LITERAL_NULL_CONVERSION = YES;
				CLANG_WARN_OBJC_IMPLICIT_RETAIN_SELF = YES;
				CLANG_WARN_OBJC_LITERAL_CONVERSION = YES;
				CLANG_WARN_OBJC_ROOT_CLASS = YES_ERROR;
				CLANG_WARN_QUOTED_INCLUDE_IN_FRAMEWORK_HEADER = YES;
				CLANG_WARN_RANGE_LOOP_ANALYSIS = YES;
				CLANG_WARN_STRICT_PROTOTYPES = YES;
				CLANG_WARN_SUSPICIOUS_MOVE = YES;
				CLANG_WARN_UNGUARDED_AVAILABILITY = YES_AGGRESSIVE;
				CLANG_WARN_UNREACHABLE_CODE = YES;
				CLANG_WARN__DUPLICATE_METHOD_MATCH = YES;
				COPY_PHASE_STRIP = NO;
				DEBUG_INFORMATION_FORMAT = "dwarf-with-dsym";
				ENABLE_NS_ASSERTIONS = NO;
				ENABLE_STRICT_OBJC_MSGSEND = YES;
				GCC_C_LANGUAGE_STANDARD = gnu11;
				GCC_NO_COMMON_BLOCKS = YES;
				GCC_WARN_64_TO_32_BIT_CONVERSION = YES;
				GCC_WARN_ABOUT_RETURN_TYPE = YES_ERROR;
				GCC_WARN_UNDECLARED_SELECTOR = YES;
				GCC_WARN_UNINITIALIZED_AUTOS = YES_AGGRESSIVE;
				GCC_WARN_UNUSED_FUNCTION = YES;
				GCC_WARN_UNUSED_VARIABLE = YES;
				IPHONEOS_DEPLOYMENT_TARGET = 16.4;
				MTL_ENABLE_DEBUG_INFO = NO;
				MTL_FAST_MATH = YES;
				SDKROOT = iphoneos;
				SWIFT_COMPILATION_MODE = wholemodule;
				SWIFT_OPTIMIZATION_LEVEL = "-O";
				VALIDATE_PRODUCT = YES;
			};
			name = Release;
		};
		4823FD432A66680A00F54F67 /* Debug */ = {
			isa = XCBuildConfiguration;
			buildSettings = {
				ASSETCATALOG_COMPILER_APPICON_NAME = AppIcon;
				ASSETCATALOG_COMPILER_GLOBAL_ACCENT_COLOR_NAME = AccentColor;
				CODE_SIGN_STYLE = Automatic;
				CURRENT_PROJECT_VERSION = 1;
				DEVELOPMENT_TEAM = VLL98W8NLC;
				GENERATE_INFOPLIST_FILE = YES;
				INFOPLIST_FILE = CookingRecipes/Info.plist;
				INFOPLIST_KEY_UIApplicationSupportsIndirectInputEvents = YES;
				INFOPLIST_KEY_UILaunchStoryboardName = LaunchScreen;
				INFOPLIST_KEY_UIMainStoryboardFile = Main;
				INFOPLIST_KEY_UISupportedInterfaceOrientations_iPad = "UIInterfaceOrientationPortrait UIInterfaceOrientationPortraitUpsideDown UIInterfaceOrientationLandscapeLeft UIInterfaceOrientationLandscapeRight";
				INFOPLIST_KEY_UISupportedInterfaceOrientations_iPhone = "UIInterfaceOrientationPortrait UIInterfaceOrientationLandscapeLeft UIInterfaceOrientationLandscapeRight";
				LD_RUNPATH_SEARCH_PATHS = (
					"$(inherited)",
					"@executable_path/Frameworks",
				);
				MARKETING_VERSION = 1.0;
				PRODUCT_BUNDLE_IDENTIFIER = JavierMorales.CookingRecipes;
				PRODUCT_NAME = "$(TARGET_NAME)";
				SWIFT_EMIT_LOC_STRINGS = YES;
				SWIFT_VERSION = 5.0;
				TARGETED_DEVICE_FAMILY = "1,2";
			};
			name = Debug;
		};
		4823FD442A66680A00F54F67 /* Release */ = {
			isa = XCBuildConfiguration;
			buildSettings = {
				ASSETCATALOG_COMPILER_APPICON_NAME = AppIcon;
				ASSETCATALOG_COMPILER_GLOBAL_ACCENT_COLOR_NAME = AccentColor;
				CODE_SIGN_STYLE = Automatic;
				CURRENT_PROJECT_VERSION = 1;
				DEVELOPMENT_TEAM = VLL98W8NLC;
				GENERATE_INFOPLIST_FILE = YES;
				INFOPLIST_FILE = CookingRecipes/Info.plist;
				INFOPLIST_KEY_UIApplicationSupportsIndirectInputEvents = YES;
				INFOPLIST_KEY_UILaunchStoryboardName = LaunchScreen;
				INFOPLIST_KEY_UIMainStoryboardFile = Main;
				INFOPLIST_KEY_UISupportedInterfaceOrientations_iPad = "UIInterfaceOrientationPortrait UIInterfaceOrientationPortraitUpsideDown UIInterfaceOrientationLandscapeLeft UIInterfaceOrientationLandscapeRight";
				INFOPLIST_KEY_UISupportedInterfaceOrientations_iPhone = "UIInterfaceOrientationPortrait UIInterfaceOrientationLandscapeLeft UIInterfaceOrientationLandscapeRight";
				LD_RUNPATH_SEARCH_PATHS = (
					"$(inherited)",
					"@executable_path/Frameworks",
				);
				MARKETING_VERSION = 1.0;
				PRODUCT_BUNDLE_IDENTIFIER = JavierMorales.CookingRecipes;
				PRODUCT_NAME = "$(TARGET_NAME)";
				SWIFT_EMIT_LOC_STRINGS = YES;
				SWIFT_VERSION = 5.0;
				TARGETED_DEVICE_FAMILY = "1,2";
			};
			name = Release;
		};
		4823FD462A66680A00F54F67 /* Debug */ = {
			isa = XCBuildConfiguration;
			buildSettings = {
				ALWAYS_EMBED_SWIFT_STANDARD_LIBRARIES = YES;
				BUNDLE_LOADER = "$(TEST_HOST)";
				CODE_SIGN_STYLE = Automatic;
				CURRENT_PROJECT_VERSION = 1;
				DEVELOPMENT_TEAM = VLL98W8NLC;
				GENERATE_INFOPLIST_FILE = YES;
				IPHONEOS_DEPLOYMENT_TARGET = 16.4;
				MARKETING_VERSION = 1.0;
				PRODUCT_BUNDLE_IDENTIFIER = JavierMorales.CookingRecipesTests;
				PRODUCT_NAME = "$(TARGET_NAME)";
				SWIFT_EMIT_LOC_STRINGS = NO;
				SWIFT_VERSION = 5.0;
				TARGETED_DEVICE_FAMILY = "1,2";
				TEST_HOST = "$(BUILT_PRODUCTS_DIR)/CookingRecipes.app/$(BUNDLE_EXECUTABLE_FOLDER_PATH)/CookingRecipes";
			};
			name = Debug;
		};
		4823FD472A66680A00F54F67 /* Release */ = {
			isa = XCBuildConfiguration;
			buildSettings = {
				ALWAYS_EMBED_SWIFT_STANDARD_LIBRARIES = YES;
				BUNDLE_LOADER = "$(TEST_HOST)";
				CODE_SIGN_STYLE = Automatic;
				CURRENT_PROJECT_VERSION = 1;
				DEVELOPMENT_TEAM = VLL98W8NLC;
				GENERATE_INFOPLIST_FILE = YES;
				IPHONEOS_DEPLOYMENT_TARGET = 16.4;
				MARKETING_VERSION = 1.0;
				PRODUCT_BUNDLE_IDENTIFIER = JavierMorales.CookingRecipesTests;
				PRODUCT_NAME = "$(TARGET_NAME)";
				SWIFT_EMIT_LOC_STRINGS = NO;
				SWIFT_VERSION = 5.0;
				TARGETED_DEVICE_FAMILY = "1,2";
				TEST_HOST = "$(BUILT_PRODUCTS_DIR)/CookingRecipes.app/$(BUNDLE_EXECUTABLE_FOLDER_PATH)/CookingRecipes";
			};
			name = Release;
		};
		4823FD492A66680A00F54F67 /* Debug */ = {
			isa = XCBuildConfiguration;
			buildSettings = {
				ALWAYS_EMBED_SWIFT_STANDARD_LIBRARIES = YES;
				CODE_SIGN_STYLE = Automatic;
				CURRENT_PROJECT_VERSION = 1;
				DEVELOPMENT_TEAM = VLL98W8NLC;
				GENERATE_INFOPLIST_FILE = YES;
				MARKETING_VERSION = 1.0;
				PRODUCT_BUNDLE_IDENTIFIER = JavierMorales.CookingRecipesUITests;
				PRODUCT_NAME = "$(TARGET_NAME)";
				SWIFT_EMIT_LOC_STRINGS = NO;
				SWIFT_VERSION = 5.0;
				TARGETED_DEVICE_FAMILY = "1,2";
				TEST_TARGET_NAME = CookingRecipes;
			};
			name = Debug;
		};
		4823FD4A2A66680A00F54F67 /* Release */ = {
			isa = XCBuildConfiguration;
			buildSettings = {
				ALWAYS_EMBED_SWIFT_STANDARD_LIBRARIES = YES;
				CODE_SIGN_STYLE = Automatic;
				CURRENT_PROJECT_VERSION = 1;
				DEVELOPMENT_TEAM = VLL98W8NLC;
				GENERATE_INFOPLIST_FILE = YES;
				MARKETING_VERSION = 1.0;
				PRODUCT_BUNDLE_IDENTIFIER = JavierMorales.CookingRecipesUITests;
				PRODUCT_NAME = "$(TARGET_NAME)";
				SWIFT_EMIT_LOC_STRINGS = NO;
				SWIFT_VERSION = 5.0;
				TARGETED_DEVICE_FAMILY = "1,2";
				TEST_TARGET_NAME = CookingRecipes;
			};
			name = Release;
		};
/* End XCBuildConfiguration section */

/* Begin XCConfigurationList section */
		4823FD132A66680400F54F67 /* Build configuration list for PBXProject "CookingRecipes" */ = {
			isa = XCConfigurationList;
			buildConfigurations = (
				4823FD402A66680A00F54F67 /* Debug */,
				4823FD412A66680A00F54F67 /* Release */,
			);
			defaultConfigurationIsVisible = 0;
			defaultConfigurationName = Release;
		};
		4823FD422A66680A00F54F67 /* Build configuration list for PBXNativeTarget "CookingRecipes" */ = {
			isa = XCConfigurationList;
			buildConfigurations = (
				4823FD432A66680A00F54F67 /* Debug */,
				4823FD442A66680A00F54F67 /* Release */,
			);
			defaultConfigurationIsVisible = 0;
			defaultConfigurationName = Release;
		};
		4823FD452A66680A00F54F67 /* Build configuration list for PBXNativeTarget "CookingRecipesTests" */ = {
			isa = XCConfigurationList;
			buildConfigurations = (
				4823FD462A66680A00F54F67 /* Debug */,
				4823FD472A66680A00F54F67 /* Release */,
			);
			defaultConfigurationIsVisible = 0;
			defaultConfigurationName = Release;
		};
		4823FD482A66680A00F54F67 /* Build configuration list for PBXNativeTarget "CookingRecipesUITests" */ = {
			isa = XCConfigurationList;
			buildConfigurations = (
				4823FD492A66680A00F54F67 /* Debug */,
				4823FD4A2A66680A00F54F67 /* Release */,
			);
			defaultConfigurationIsVisible = 0;
			defaultConfigurationName = Release;
		};
/* End XCConfigurationList section */
	};
	rootObject = 4823FD102A66680400F54F67 /* Project object */;
}
